
Microsoft Visual Studio Solution File, Format Version 12.00
# Visual Studio Version 16
VisualStudioVersion = 16.0.31205.134
MinimumVisualStudioVersion = 10.0.40219.1
Project("{FAE04EC0-301F-11D3-BF4B-00C04F79EFBC}") = "PID", "PID.csproj", "{607EB52F-5BA6-41EF-B3E4-C2DC38A7A551}"
EndProject
Global
	GlobalSection(SolutionConfigurationPlatforms) = preSolution
		Debug|Any CPU = Debug|Any CPU
		Release|Any CPU = Release|Any CPU
	EndGlobalSection
	GlobalSection(ProjectConfigurationPlatforms) = postSolution
		{607EB52F-5BA6-41EF-B3E4-C2DC38A7A551}.Debug|Any CPU.ActiveCfg = Debug|Any CPU
		{607EB52F-5BA6-41EF-B3E4-C2DC38A7A551}.Debug|Any CPU.Build.0 = Debug|Any CPU
		{607EB52F-5BA6-41EF-B3E4-C2DC38A7A551}.Release|Any CPU.ActiveCfg = Release|Any CPU
		{607EB52F-5BA6-41EF-B3E4-C2DC38A7A551}.Release|Any CPU.Build.0 = Release|Any CPU
	EndGlobalSection
	GlobalSection(SolutionProperties) = preSolution
		HideSolutionNode = FALSE
	EndGlobalSection
	GlobalSection(ExtensibilityGlobals) = postSolution
		SolutionGuid = {B3FC16B6-8E98-426F-818F-3D663D4621A2}
	EndGlobalSection
EndGlobal
